// !$*UTF8*$!
{
	archiveVersion = 1;
	classes = {
	};
	objectVersion = 50;
	objects = {

/* Begin PBXBuildFile section */
		D2B78AE725FA2FD30004A9D0 /* AppDelegate.swift in Sources */ = {isa = PBXBuildFile; fileRef = D2B78AE625FA2FD30004A9D0 /* AppDelegate.swift */; };
		D2B78AE925FA2FD30004A9D0 /* SceneDelegate.swift in Sources */ = {isa = PBXBuildFile; fileRef = D2B78AE825FA2FD30004A9D0 /* SceneDelegate.swift */; };
		D2B78AEB25FA2FD30004A9D0 /* ViewController.swift in Sources */ = {isa = PBXBuildFile; fileRef = D2B78AEA25FA2FD30004A9D0 /* ViewController.swift */; };
		D2B78AEE25FA2FD40004A9D0 /* Main.storyboard in Resources */ = {isa = PBXBuildFile; fileRef = D2B78AEC25FA2FD40004A9D0 /* Main.storyboard */; };
		D2B78AF025FA2FD80004A9D0 /* Assets.xcassets in Resources */ = {isa = PBXBuildFile; fileRef = D2B78AEF25FA2FD80004A9D0 /* Assets.xcassets */; };
		D2B78AF325FA2FD80004A9D0 /* LaunchScreen.storyboard in Resources */ = {isa = PBXBuildFile; fileRef = D2B78AF125FA2FD80004A9D0 /* LaunchScreen.storyboard */; };
		D2B78AFE25FA2FD80004A9D0 /* ParstagramTests.swift in Sources */ = {isa = PBXBuildFile; fileRef = D2B78AFD25FA2FD80004A9D0 /* ParstagramTests.swift */; };
		D2B78B0925FA2FD90004A9D0 /* ParstagramUITests.swift in Sources */ = {isa = PBXBuildFile; fileRef = D2B78B0825FA2FD90004A9D0 /* ParstagramUITests.swift */; };
/* End PBXBuildFile section */

/* Begin PBXContainerItemProxy section */
		D2B78AFA25FA2FD80004A9D0 /* PBXContainerItemProxy */ = {
			isa = PBXContainerItemProxy;
			containerPortal = D2B78ADB25FA2FD30004A9D0 /* Project object */;
			proxyType = 1;
			remoteGlobalIDString = D2B78AE225FA2FD30004A9D0;
			remoteInfo = Parstagram;
		};
		D2B78B0525FA2FD90004A9D0 /* PBXContainerItemProxy */ = {
			isa = PBXContainerItemProxy;
			containerPortal = D2B78ADB25FA2FD30004A9D0 /* Project object */;
			proxyType = 1;
			remoteGlobalIDString = D2B78AE225FA2FD30004A9D0;
			remoteInfo = Parstagram;
		};
/* End PBXContainerItemProxy section */

/* Begin PBXFileReference section */
		D2B78AE325FA2FD30004A9D0 /* Parstagram.app */ = {isa = PBXFileReference; explicitFileType = wrapper.application; includeInIndex = 0; path = Parstagram.app; sourceTree = BUILT_PRODUCTS_DIR; };
		D2B78AE625FA2FD30004A9D0 /* AppDelegate.swift */ = {isa = PBXFileReference; lastKnownFileType = sourcecode.swift; path = AppDelegate.swift; sourceTree = "<group>"; };
		D2B78AE825FA2FD30004A9D0 /* SceneDelegate.swift */ = {isa = PBXFileReference; lastKnownFileType = sourcecode.swift; path = SceneDelegate.swift; sourceTree = "<group>"; };
		D2B78AEA25FA2FD30004A9D0 /* ViewController.swift */ = {isa = PBXFileReference; lastKnownFileType = sourcecode.swift; path = ViewController.swift; sourceTree = "<group>"; };
		D2B78AED25FA2FD40004A9D0 /* Base */ = {isa = PBXFileReference; lastKnownFileType = file.storyboard; name = Base; path = Base.lproj/Main.storyboard; sourceTree = "<group>"; };
		D2B78AEF25FA2FD80004A9D0 /* Assets.xcassets */ = {isa = PBXFileReference; lastKnownFileType = folder.assetcatalog; path = Assets.xcassets; sourceTree = "<group>"; };
		D2B78AF225FA2FD80004A9D0 /* Base */ = {isa = PBXFileReference; lastKnownFileType = file.storyboard; name = Base; path = Base.lproj/LaunchScreen.storyboard; sourceTree = "<group>"; };
		D2B78AF425FA2FD80004A9D0 /* Info.plist */ = {isa = PBXFileReference; lastKnownFileType = text.plist.xml; path = Info.plist; sourceTree = "<group>"; };
		D2B78AF925FA2FD80004A9D0 /* ParstagramTests.xctest */ = {isa = PBXFileReference; explicitFileType = wrapper.cfbundle; includeInIndex = 0; path = ParstagramTests.xctest; sourceTree = BUILT_PRODUCTS_DIR; };
		D2B78AFD25FA2FD80004A9D0 /* ParstagramTests.swift */ = {isa = PBXFileReference; lastKnownFileType = sourcecode.swift; path = ParstagramTests.swift; sourceTree = "<group>"; };
		D2B78AFF25FA2FD80004A9D0 /* Info.plist */ = {isa = PBXFileReference; lastKnownFileType = text.plist.xml; path = Info.plist; sourceTree = "<group>"; };
		D2B78B0425FA2FD90004A9D0 /* ParstagramUITests.xctest */ = {isa = PBXFileReference; explicitFileType = wrapper.cfbundle; includeInIndex = 0; path = ParstagramUITests.xctest; sourceTree = BUILT_PRODUCTS_DIR; };
		D2B78B0825FA2FD90004A9D0 /* ParstagramUITests.swift */ = {isa = PBXFileReference; lastKnownFileType = sourcecode.swift; path = ParstagramUITests.swift; sourceTree = "<group>"; };
		D2B78B0A25FA2FD90004A9D0 /* Info.plist */ = {isa = PBXFileReference; lastKnownFileType = text.plist.xml; path = Info.plist; sourceTree = "<group>"; };
/* End PBXFileReference section */

/* Begin PBXFrameworksBuildPhase section */
		D2B78AE025FA2FD30004A9D0 /* Frameworks */ = {
			isa = PBXFrameworksBuildPhase;
			buildActionMask = 2147483647;
			files = (
			);
			runOnlyForDeploymentPostprocessing = 0;
		};
		D2B78AF625FA2FD80004A9D0 /* Frameworks */ = {
			isa = PBXFrameworksBuildPhase;
			buildActionMask = 2147483647;
			files = (
			);
			runOnlyForDeploymentPostprocessing = 0;
		};
		D2B78B0125FA2FD90004A9D0 /* Frameworks */ = {
			isa = PBXFrameworksBuildPhase;
			buildActionMask = 2147483647;
			files = (
			);
			runOnlyForDeploymentPostprocessing = 0;
		};
/* End PBXFrameworksBuildPhase section */

/* Begin PBXGroup section */
		D2B78ADA25FA2FD30004A9D0 = {
			isa = PBXGroup;
			children = (
				D2B78AE525FA2FD30004A9D0 /* Parstagram */,
				D2B78AFC25FA2FD80004A9D0 /* ParstagramTests */,
				D2B78B0725FA2FD90004A9D0 /* ParstagramUITests */,
				D2B78AE425FA2FD30004A9D0 /* Products */,
			);
			sourceTree = "<group>";
		};
		D2B78AE425FA2FD30004A9D0 /* Products */ = {
			isa = PBXGroup;
			children = (
				D2B78AE325FA2FD30004A9D0 /* Parstagram.app */,
				D2B78AF925FA2FD80004A9D0 /* ParstagramTests.xctest */,
				D2B78B0425FA2FD90004A9D0 /* ParstagramUITests.xctest */,
			);
			name = Products;
			sourceTree = "<group>";
		};
		D2B78AE525FA2FD30004A9D0 /* Parstagram */ = {
			isa = PBXGroup;
			children = (
				D2B78AE625FA2FD30004A9D0 /* AppDelegate.swift */,
				D2B78AE825FA2FD30004A9D0 /* SceneDelegate.swift */,
				D2B78AEA25FA2FD30004A9D0 /* ViewController.swift */,
				D2B78AEC25FA2FD40004A9D0 /* Main.storyboard */,
				D2B78AEF25FA2FD80004A9D0 /* Assets.xcassets */,
				D2B78AF125FA2FD80004A9D0 /* LaunchScreen.storyboard */,
				D2B78AF425FA2FD80004A9D0 /* Info.plist */,
			);
			path = Parstagram;
			sourceTree = "<group>";
		};
		D2B78AFC25FA2FD80004A9D0 /* ParstagramTests */ = {
			isa = PBXGroup;
			children = (
				D2B78AFD25FA2FD80004A9D0 /* ParstagramTests.swift */,
				D2B78AFF25FA2FD80004A9D0 /* Info.plist */,
			);
			path = ParstagramTests;
			sourceTree = "<group>";
		};
		D2B78B0725FA2FD90004A9D0 /* ParstagramUITests */ = {
			isa = PBXGroup;
			children = (
				D2B78B0825FA2FD90004A9D0 /* ParstagramUITests.swift */,
				D2B78B0A25FA2FD90004A9D0 /* Info.plist */,
			);
			path = ParstagramUITests;
			sourceTree = "<group>";
		};
/* End PBXGroup section */

/* Begin PBXNativeTarget section */
		D2B78AE225FA2FD30004A9D0 /* Parstagram */ = {
			isa = PBXNativeTarget;
			buildConfigurationList = D2B78B0D25FA2FD90004A9D0 /* Build configuration list for PBXNativeTarget "Parstagram" */;
			buildPhases = (
				D2B78ADF25FA2FD30004A9D0 /* Sources */,
				D2B78AE025FA2FD30004A9D0 /* Frameworks */,
				D2B78AE125FA2FD30004A9D0 /* Resources */,
			);
			buildRules = (
			);
			dependencies = (
			);
			name = Parstagram;
			productName = Parstagram;
			productReference = D2B78AE325FA2FD30004A9D0 /* Parstagram.app */;
			productType = "com.apple.product-type.application";
		};
		D2B78AF825FA2FD80004A9D0 /* ParstagramTests */ = {
			isa = PBXNativeTarget;
			buildConfigurationList = D2B78B1025FA2FD90004A9D0 /* Build configuration list for PBXNativeTarget "ParstagramTests" */;
			buildPhases = (
				D2B78AF525FA2FD80004A9D0 /* Sources */,
				D2B78AF625FA2FD80004A9D0 /* Frameworks */,
				D2B78AF725FA2FD80004A9D0 /* Resources */,
			);
			buildRules = (
			);
			dependencies = (
				D2B78AFB25FA2FD80004A9D0 /* PBXTargetDependency */,
			);
			name = ParstagramTests;
			productName = ParstagramTests;
			productReference = D2B78AF925FA2FD80004A9D0 /* ParstagramTests.xctest */;
			productType = "com.apple.product-type.bundle.unit-test";
		};
		D2B78B0325FA2FD90004A9D0 /* ParstagramUITests */ = {
			isa = PBXNativeTarget;
			buildConfigurationList = D2B78B1325FA2FD90004A9D0 /* Build configuration list for PBXNativeTarget "ParstagramUITests" */;
			buildPhases = (
				D2B78B0025FA2FD90004A9D0 /* Sources */,
				D2B78B0125FA2FD90004A9D0 /* Frameworks */,
				D2B78B0225FA2FD90004A9D0 /* Resources */,
			);
			buildRules = (
			);
			dependencies = (
				D2B78B0625FA2FD90004A9D0 /* PBXTargetDependency */,
			);
			name = ParstagramUITests;
			productName = ParstagramUITests;
			productReference = D2B78B0425FA2FD90004A9D0 /* ParstagramUITests.xctest */;
			productType = "com.apple.product-type.bundle.ui-testing";
		};
/* End PBXNativeTarget section */

/* Begin PBXProject section */
		D2B78ADB25FA2FD30004A9D0 /* Project object */ = {
			isa = PBXProject;
			attributes = {
				LastSwiftUpdateCheck = 1230;
				LastUpgradeCheck = 1230;
				TargetAttributes = {
					D2B78AE225FA2FD30004A9D0 = {
						CreatedOnToolsVersion = 12.3;
					};
					D2B78AF825FA2FD80004A9D0 = {
						CreatedOnToolsVersion = 12.3;
						TestTargetID = D2B78AE225FA2FD30004A9D0;
					};
					D2B78B0325FA2FD90004A9D0 = {
						CreatedOnToolsVersion = 12.3;
						TestTargetID = D2B78AE225FA2FD30004A9D0;
					};
				};
			};
			buildConfigurationList = D2B78ADE25FA2FD30004A9D0 /* Build configuration list for PBXProject "Parstagram" */;
			compatibilityVersion = "Xcode 9.3";
			developmentRegion = en;
			hasScannedForEncodings = 0;
			knownRegions = (
				en,
				Base,
			);
			mainGroup = D2B78ADA25FA2FD30004A9D0;
			productRefGroup = D2B78AE425FA2FD30004A9D0 /* Products */;
			projectDirPath = "";
			projectRoot = "";
			targets = (
				D2B78AE225FA2FD30004A9D0 /* Parstagram */,
				D2B78AF825FA2FD80004A9D0 /* ParstagramTests */,
				D2B78B0325FA2FD90004A9D0 /* ParstagramUITests */,
			);
		};
/* End PBXProject section */

/* Begin PBXResourcesBuildPhase section */
		D2B78AE125FA2FD30004A9D0 /* Resources */ = {
			isa = PBXResourcesBuildPhase;
			buildActionMask = 2147483647;
			files = (
				D2B78AF325FA2FD80004A9D0 /* LaunchScreen.storyboard in Resources */,
				D2B78AF025FA2FD80004A9D0 /* Assets.xcassets in Resources */,
				D2B78AEE25FA2FD40004A9D0 /* Main.storyboard in Resources */,
			);
			runOnlyForDeploymentPostprocessing = 0;
		};
		D2B78AF725FA2FD80004A9D0 /* Resources */ = {
			isa = PBXResourcesBuildPhase;
			buildActionMask = 2147483647;
			files = (
			);
			runOnlyForDeploymentPostprocessing = 0;
		};
		D2B78B0225FA2FD90004A9D0 /* Resources */ = {
			isa = PBXResourcesBuildPhase;
			buildActionMask = 2147483647;
			files = (
			);
			runOnlyForDeploymentPostprocessing = 0;
		};
/* End PBXResourcesBuildPhase section */

/* Begin PBXSourcesBuildPhase section */
		D2B78ADF25FA2FD30004A9D0 /* Sources */ = {
			isa = PBXSourcesBuildPhase;
			buildActionMask = 2147483647;
			files = (
				D2B78AEB25FA2FD30004A9D0 /* ViewController.swift in Sources */,
				D2B78AE725FA2FD30004A9D0 /* AppDelegate.swift in Sources */,
				D2B78AE925FA2FD30004A9D0 /* SceneDelegate.swift in Sources */,
			);
			runOnlyForDeploymentPostprocessing = 0;
		};
		D2B78AF525FA2FD80004A9D0 /* Sources */ = {
			isa = PBXSourcesBuildPhase;
			buildActionMask = 2147483647;
			files = (
				D2B78AFE25FA2FD80004A9D0 /* ParstagramTests.swift in Sources */,
			);
			runOnlyForDeploymentPostprocessing = 0;
		};
		D2B78B0025FA2FD90004A9D0 /* Sources */ = {
			isa = PBXSourcesBuildPhase;
			buildActionMask = 2147483647;
			files = (
				D2B78B0925FA2FD90004A9D0 /* ParstagramUITests.swift in Sources */,
			);
			runOnlyForDeploymentPostprocessing = 0;
		};
/* End PBXSourcesBuildPhase section */

/* Begin PBXTargetDependency section */
		D2B78AFB25FA2FD80004A9D0 /* PBXTargetDependency */ = {
			isa = PBXTargetDependency;
			target = D2B78AE225FA2FD30004A9D0 /* Parstagram */;
			targetProxy = D2B78AFA25FA2FD80004A9D0 /* PBXContainerItemProxy */;
		};
		D2B78B0625FA2FD90004A9D0 /* PBXTargetDependency */ = {
			isa = PBXTargetDependency;
			target = D2B78AE225FA2FD30004A9D0 /* Parstagram */;
			targetProxy = D2B78B0525FA2FD90004A9D0 /* PBXContainerItemProxy */;
		};
/* End PBXTargetDependency section */

/* Begin PBXVariantGroup section */
		D2B78AEC25FA2FD40004A9D0 /* Main.storyboard */ = {
			isa = PBXVariantGroup;
			children = (
				D2B78AED25FA2FD40004A9D0 /* Base */,
			);
			name = Main.storyboard;
			sourceTree = "<group>";
		};
		D2B78AF125FA2FD80004A9D0 /* LaunchScreen.storyboard */ = {
			isa = PBXVariantGroup;
			children = (
				D2B78AF225FA2FD80004A9D0 /* Base */,
			);
			name = LaunchScreen.storyboard;
			sourceTree = "<group>";
		};
/* End PBXVariantGroup section */

/* Begin XCBuildConfiguration section */
		D2B78B0B25FA2FD90004A9D0 /* Debug */ = {
			isa = XCBuildConfiguration;
			buildSettings = {
				ALWAYS_SEARCH_USER_PATHS = NO;
				CLANG_ANALYZER_NONNULL = YES;
				CLANG_ANALYZER_NUMBER_OBJECT_CONVERSION = YES_AGGRESSIVE;
				CLANG_CXX_LANGUAGE_STANDARD = "gnu++14";
				CLANG_CXX_LIBRARY = "libc++";
				CLANG_ENABLE_MODULES = YES;
				CLANG_ENABLE_OBJC_ARC = YES;
				CLANG_ENABLE_OBJC_WEAK = YES;
				CLANG_WARN_BLOCK_CAPTURE_AUTORELEASING = YES;
				CLANG_WARN_BOOL_CONVERSION = YES;
				CLANG_WARN_COMMA = YES;
				CLANG_WARN_CONSTANT_CONVERSION = YES;
				CLANG_WARN_DEPRECATED_OBJC_IMPLEMENTATIONS = YES;
				CLANG_WARN_DIRECT_OBJC_ISA_USAGE = YES_ERROR;
				CLANG_WARN_DOCUMENTATION_COMMENTS = YES;
				CLANG_WARN_EMPTY_BODY = YES;
				CLANG_WARN_ENUM_CONVERSION = YES;
				CLANG_WARN_INFINITE_RECURSION = YES;
				CLANG_WARN_INT_CONVERSION = YES;
				CLANG_WARN_NON_LITERAL_NULL_CONVERSION = YES;
				CLANG_WARN_OBJC_IMPLICIT_RETAIN_SELF = YES;
				CLANG_WARN_OBJC_LITERAL_CONVERSION = YES;
				CLANG_WARN_OBJC_ROOT_CLASS = YES_ERROR;
				CLANG_WARN_QUOTED_INCLUDE_IN_FRAMEWORK_HEADER = YES;
				CLANG_WARN_RANGE_LOOP_ANALYSIS = YES;
				CLANG_WARN_STRICT_PROTOTYPES = YES;
				CLANG_WARN_SUSPICIOUS_MOVE = YES;
				CLANG_WARN_UNGUARDED_AVAILABILITY = YES_AGGRESSIVE;
				CLANG_WARN_UNREACHABLE_CODE = YES;
				CLANG_WARN__DUPLICATE_METHOD_MATCH = YES;
				COPY_PHASE_STRIP = NO;
				DEBUG_INFORMATION_FORMAT = dwarf;
				ENABLE_STRICT_OBJC_MSGSEND = YES;
				ENABLE_TESTABILITY = YES;
				GCC_C_LANGUAGE_STANDARD = gnu11;
				GCC_DYNAMIC_NO_PIC = NO;
				GCC_NO_COMMON_BLOCKS = YES;
				GCC_OPTIMIZATION_LEVEL = 0;
				GCC_PREPROCESSOR_DEFINITIONS = (
					"DEBUG=1",
					"$(inherited)",
				);
				GCC_WARN_64_TO_32_BIT_CONVERSION = YES;
				GCC_WARN_ABOUT_RETURN_TYPE = YES_ERROR;
				GCC_WARN_UNDECLARED_SELECTOR = YES;
				GCC_WARN_UNINITIALIZED_AUTOS = YES_AGGRESSIVE;
				GCC_WARN_UNUSED_FUNCTION = YES;
				GCC_WARN_UNUSED_VARIABLE = YES;
				IPHONEOS_DEPLOYMENT_TARGET = 14.3;
				MTL_ENABLE_DEBUG_INFO = INCLUDE_SOURCE;
				MTL_FAST_MATH = YES;
				ONLY_ACTIVE_ARCH = YES;
				SDKROOT = iphoneos;
				SWIFT_ACTIVE_COMPILATION_CONDITIONS = DEBUG;
				SWIFT_OPTIMIZATION_LEVEL = "-Onone";
			};
			name = Debug;
		};
		D2B78B0C25FA2FD90004A9D0 /* Release */ = {
			isa = XCBuildConfiguration;
			buildSettings = {
				ALWAYS_SEARCH_USER_PATHS = NO;
				CLANG_ANALYZER_NONNULL = YES;
				CLANG_ANALYZER_NUMBER_OBJECT_CONVERSION = YES_AGGRESSIVE;
				CLANG_CXX_LANGUAGE_STANDARD = "gnu++14";
				CLANG_CXX_LIBRARY = "libc++";
				CLANG_ENABLE_MODULES = YES;
				CLANG_ENABLE_OBJC_ARC = YES;
				CLANG_ENABLE_OBJC_WEAK = YES;
				CLANG_WARN_BLOCK_CAPTURE_AUTORELEASING = YES;
				CLANG_WARN_BOOL_CONVERSION = YES;
				CLANG_WARN_COMMA = YES;
				CLANG_WARN_CONSTANT_CONVERSION = YES;
				CLANG_WARN_DEPRECATED_OBJC_IMPLEMENTATIONS = YES;
				CLANG_WARN_DIRECT_OBJC_ISA_USAGE = YES_ERROR;
				CLANG_WARN_DOCUMENTATION_COMMENTS = YES;
				CLANG_WARN_EMPTY_BODY = YES;
				CLANG_WARN_ENUM_CONVERSION = YES;
				CLANG_WARN_INFINITE_RECURSION = YES;
				CLANG_WARN_INT_CONVERSION = YES;
				CLANG_WARN_NON_LITERAL_NULL_CONVERSION = YES;
				CLANG_WARN_OBJC_IMPLICIT_RETAIN_SELF = YES;
				CLANG_WARN_OBJC_LITERAL_CONVERSION = YES;
				CLANG_WARN_OBJC_ROOT_CLASS = YES_ERROR;
				CLANG_WARN_QUOTED_INCLUDE_IN_FRAMEWORK_HEADER = YES;
				CLANG_WARN_RANGE_LOOP_ANALYSIS = YES;
				CLANG_WARN_STRICT_PROTOTYPES = YES;
				CLANG_WARN_SUSPICIOUS_MOVE = YES;
				CLANG_WARN_UNGUARDED_AVAILABILITY = YES_AGGRESSIVE;
				CLANG_WARN_UNREACHABLE_CODE = YES;
				CLANG_WARN__DUPLICATE_METHOD_MATCH = YES;
				COPY_PHASE_STRIP = NO;
				DEBUG_INFORMATION_FORMAT = "dwarf-with-dsym";
				ENABLE_NS_ASSERTIONS = NO;
				ENABLE_STRICT_OBJC_MSGSEND = YES;
				GCC_C_LANGUAGE_STANDARD = gnu11;
				GCC_NO_COMMON_BLOCKS = YES;
				GCC_WARN_64_TO_32_BIT_CONVERSION = YES;
				GCC_WARN_ABOUT_RETURN_TYPE = YES_ERROR;
				GCC_WARN_UNDECLARED_SELECTOR = YES;
				GCC_WARN_UNINITIALIZED_AUTOS = YES_AGGRESSIVE;
				GCC_WARN_UNUSED_FUNCTION = YES;
				GCC_WARN_UNUSED_VARIABLE = YES;
				IPHONEOS_DEPLOYMENT_TARGET = 14.3;
				MTL_ENABLE_DEBUG_INFO = NO;
				MTL_FAST_MATH = YES;
				SDKROOT = iphoneos;
				SWIFT_COMPILATION_MODE = wholemodule;
				SWIFT_OPTIMIZATION_LEVEL = "-O";
				VALIDATE_PRODUCT = YES;
			};
			name = Release;
		};
		D2B78B0E25FA2FD90004A9D0 /* Debug */ = {
			isa = XCBuildConfiguration;
			buildSettings = {
				ASSETCATALOG_COMPILER_APPICON_NAME = AppIcon;
				ASSETCATALOG_COMPILER_GLOBAL_ACCENT_COLOR_NAME = AccentColor;
				CODE_SIGN_STYLE = Automatic;
				INFOPLIST_FILE = Parstagram/Info.plist;
				LD_RUNPATH_SEARCH_PATHS = (
					"$(inherited)",
					"@executable_path/Frameworks",
				);
				PRODUCT_BUNDLE_IDENTIFIER = com.codepath.Parstagram;
				PRODUCT_NAME = "$(TARGET_NAME)";
				SWIFT_VERSION = 5.0;
				TARGETED_DEVICE_FAMILY = "1,2";
			};
			name = Debug;
		};
		D2B78B0F25FA2FD90004A9D0 /* Release */ = {
			isa = XCBuildConfiguration;
			buildSettings = {
				ASSETCATALOG_COMPILER_APPICON_NAME = AppIcon;
				ASSETCATALOG_COMPILER_GLOBAL_ACCENT_COLOR_NAME = AccentColor;
				CODE_SIGN_STYLE = Automatic;
				INFOPLIST_FILE = Parstagram/Info.plist;
				LD_RUNPATH_SEARCH_PATHS = (
					"$(inherited)",
					"@executable_path/Frameworks",
				);
				PRODUCT_BUNDLE_IDENTIFIER = com.codepath.Parstagram;
				PRODUCT_NAME = "$(TARGET_NAME)";
				SWIFT_VERSION = 5.0;
				TARGETED_DEVICE_FAMILY = "1,2";
			};
			name = Release;
		};
		D2B78B1125FA2FD90004A9D0 /* Debug */ = {
			isa = XCBuildConfiguration;
			buildSettings = {
				ALWAYS_EMBED_SWIFT_STANDARD_LIBRARIES = YES;
				BUNDLE_LOADER = "$(TEST_HOST)";
				CODE_SIGN_STYLE = Automatic;
				INFOPLIST_FILE = ParstagramTests/Info.plist;
				IPHONEOS_DEPLOYMENT_TARGET = 14.3;
				LD_RUNPATH_SEARCH_PATHS = (
					"$(inherited)",
					"@executable_path/Frameworks",
					"@loader_path/Frameworks",
				);
				PRODUCT_BUNDLE_IDENTIFIER = com.codepath.ParstagramTests;
				PRODUCT_NAME = "$(TARGET_NAME)";
				SWIFT_VERSION = 5.0;
				TARGETED_DEVICE_FAMILY = "1,2";
				TEST_HOST = "$(BUILT_PRODUCTS_DIR)/Parstagram.app/Parstagram";
			};
			name = Debug;
		};
		D2B78B1225FA2FD90004A9D0 /* Release */ = {
			isa = XCBuildConfiguration;
			buildSettings = {
				ALWAYS_EMBED_SWIFT_STANDARD_LIBRARIES = YES;
				BUNDLE_LOADER = "$(TEST_HOST)";
				CODE_SIGN_STYLE = Automatic;
				INFOPLIST_FILE = ParstagramTests/Info.plist;
				IPHONEOS_DEPLOYMENT_TARGET = 14.3;
				LD_RUNPATH_SEARCH_PATHS = (
					"$(inherited)",
					"@executable_path/Frameworks",
					"@loader_path/Frameworks",
				);
				PRODUCT_BUNDLE_IDENTIFIER = com.codepath.ParstagramTests;
				PRODUCT_NAME = "$(TARGET_NAME)";
				SWIFT_VERSION = 5.0;
				TARGETED_DEVICE_FAMILY = "1,2";
				TEST_HOST = "$(BUILT_PRODUCTS_DIR)/Parstagram.app/Parstagram";
			};
			name = Release;
		};
		D2B78B1425FA2FD90004A9D0 /* Debug */ = {
			isa = XCBuildConfiguration;
			buildSettings = {
				ALWAYS_EMBED_SWIFT_STANDARD_LIBRARIES = YES;
				CODE_SIGN_STYLE = Automatic;
				INFOPLIST_FILE = ParstagramUITests/Info.plist;
				LD_RUNPATH_SEARCH_PATHS = (
					"$(inherited)",
					"@executable_path/Frameworks",
					"@loader_path/Frameworks",
				);
				PRODUCT_BUNDLE_IDENTIFIER = com.codepath.ParstagramUITests;
				PRODUCT_NAME = "$(TARGET_NAME)";
				SWIFT_VERSION = 5.0;
				TARGETED_DEVICE_FAMILY = "1,2";
				TEST_TARGET_NAME = Parstagram;
			};
			name = Debug;
		};
		D2B78B1525FA2FD90004A9D0 /* Release */ = {
			isa = XCBuildConfiguration;
			buildSettings = {
				ALWAYS_EMBED_SWIFT_STANDARD_LIBRARIES = YES;
				CODE_SIGN_STYLE = Automatic;
				INFOPLIST_FILE = ParstagramUITests/Info.plist;
				LD_RUNPATH_SEARCH_PATHS = (
					"$(inherited)",
					"@executable_path/Frameworks",
					"@loader_path/Frameworks",
				);
				PRODUCT_BUNDLE_IDENTIFIER = com.codepath.ParstagramUITests;
				PRODUCT_NAME = "$(TARGET_NAME)";
				SWIFT_VERSION = 5.0;
				TARGETED_DEVICE_FAMILY = "1,2";
				TEST_TARGET_NAME = Parstagram;
			};
			name = Release;
		};
/* End XCBuildConfiguration section */

/* Begin XCConfigurationList section */
		D2B78ADE25FA2FD30004A9D0 /* Build configuration list for PBXProject "Parstagram" */ = {
			isa = XCConfigurationList;
			buildConfigurations = (
				D2B78B0B25FA2FD90004A9D0 /* Debug */,
				D2B78B0C25FA2FD90004A9D0 /* Release */,
			);
			defaultConfigurationIsVisible = 0;
			defaultConfigurationName = Release;
		};
		D2B78B0D25FA2FD90004A9D0 /* Build configuration list for PBXNativeTarget "Parstagram" */ = {
			isa = XCConfigurationList;
			buildConfigurations = (
				D2B78B0E25FA2FD90004A9D0 /* Debug */,
				D2B78B0F25FA2FD90004A9D0 /* Release */,
			);
			defaultConfigurationIsVisible = 0;
			defaultConfigurationName = Release;
		};
		D2B78B1025FA2FD90004A9D0 /* Build configuration list for PBXNativeTarget "ParstagramTests" */ = {
			isa = XCConfigurationList;
			buildConfigurations = (
				D2B78B1125FA2FD90004A9D0 /* Debug */,
				D2B78B1225FA2FD90004A9D0 /* Release */,
			);
			defaultConfigurationIsVisible = 0;
			defaultConfigurationName = Release;
		};
		D2B78B1325FA2FD90004A9D0 /* Build configuration list for PBXNativeTarget "ParstagramUITests" */ = {
			isa = XCConfigurationList;
			buildConfigurations = (
				D2B78B1425FA2FD90004A9D0 /* Debug */,
				D2B78B1525FA2FD90004A9D0 /* Release */,
			);
			defaultConfigurationIsVisible = 0;
			defaultConfigurationName = Release;
		};
/* End XCConfigurationList section */
	};
	rootObject = D2B78ADB25FA2FD30004A9D0 /* Project object */;
}
